
Microsoft Visual Studio Solution File, Format Version 11.00
# Visual Studio 2010
Project("{FAE04EC0-301F-11D3-BF4B-00C04F79EFBC}") = "Form_Client", "Form_Client\Form_Client.csproj", "{889FAB76-D65F-4134-9509-B9165F18E52A}"
EndProject
Global
	GlobalSection(SolutionConfigurationPlatforms) = preSolution
		Debug|x86 = Debug|x86
		Release|x86 = Release|x86
	EndGlobalSection
	GlobalSection(ProjectConfigurationPlatforms) = postSolution
		{889FAB76-D65F-4134-9509-B9165F18E52A}.Debug|x86.ActiveCfg = Debug|x86
		{889FAB76-D65F-4134-9509-B9165F18E52A}.Debug|x86.Build.0 = Debug|x86
		{889FAB76-D65F-4134-9509-B9165F18E52A}.Release|x86.ActiveCfg = Release|x86
		{889FAB76-D65F-4134-9509-B9165F18E52A}.Release|x86.Build.0 = Release|x86
	EndGlobalSection
	GlobalSection(SolutionProperties) = preSolution
		HideSolutionNode = FALSE
	EndGlobalSection
EndGlobal
